{
  "name": "meiko",
  "version": "1.0.0",
  "lockfileVersion": 1,
  "requires": true,
  "dependencies": {
    "awsmeiko-angular": {
      "version": "https://awsmeikobucketsl.s3.ap-south-1.amazonaws.com/awsmeiko-angular-1.0.0.tgz",
      "integrity": "sha512-InAZBdNSgq9bsRu803/UkVm3F5FnBlVnttogx9UdOyleUSc2PKIl0GspvzH0ZnKU5Plg8roP7wL575xq+prqYA=="
    },
    "meiko-angular": {
      "version": "1.0.0",
      "resolved": "https://registry.npmjs.org/meiko-angular/-/meiko-angular-1.0.0.tgz",
      "integrity": "sha512-10VH1wcWafydns04oUF/dcoJfyHLLqsQbM9yAS7qMSxZ2pNH3jyu93yXlsFlziExRMObceuEvmGxe9SWloedpA=="
    }
  }
}
